
Microsoft Visual Studio Solution File, Format Version 12.00
# Visual Studio Version 16
VisualStudioVersion = 16.0.29001.49
MinimumVisualStudioVersion = 10.0.40219.1
Project("{FAE04EC0-301F-11D3-BF4B-00C04F79EFBC}") = "ChatChatChat", "ChatChatChat\ChatChatChat.csproj", "{B04F877A-1A29-4BD7-9A54-C9B457338B4B}"
EndProject
Global
	GlobalSection(SolutionConfigurationPlatforms) = preSolution
		Debug|Any CPU = Debug|Any CPU
		Release|Any CPU = Release|Any CPU
	EndGlobalSection
	GlobalSection(ProjectConfigurationPlatforms) = postSolution
		{B04F877A-1A29-4BD7-9A54-C9B457338B4B}.Debug|Any CPU.ActiveCfg = Debug|Any CPU
		{B04F877A-1A29-4BD7-9A54-C9B457338B4B}.Debug|Any CPU.Build.0 = Debug|Any CPU
		{B04F877A-1A29-4BD7-9A54-C9B457338B4B}.Release|Any CPU.ActiveCfg = Release|Any CPU
		{B04F877A-1A29-4BD7-9A54-C9B457338B4B}.Release|Any CPU.Build.0 = Release|Any CPU
	EndGlobalSection
	GlobalSection(SolutionProperties) = preSolution
		HideSolutionNode = FALSE
	EndGlobalSection
	GlobalSection(ExtensibilityGlobals) = postSolution
		SolutionGuid = {D9568FFD-422D-442D-B378-B2271CF22BE4}
	EndGlobalSection
EndGlobal
